
Microsoft Visual Studio Solution File, Format Version 12.00
# Visual Studio Version 17
VisualStudioVersion = 17.0.31919.166
MinimumVisualStudioVersion = 10.0.40219.1
Project("{9A19103F-16F7-4668-BE54-9A1E7A4F7556}") = "DS.TaxCalculator.ConsoleApp", "DS.TaxCalculator.ConsoleApp\DS.TaxCalculator.ConsoleApp.csproj", "{6FCE04FA-60EE-4F2E-85AB-9783D989DC7A}"
EndProject
Project("{9A19103F-16F7-4668-BE54-9A1E7A4F7556}") = "DS.TaxCalculator.Services", "DS.TaxCalculator.Services\DS.TaxCalculator.Services.csproj", "{B8C20177-8314-4FBE-8F21-A0EAD9F8BE60}"
EndProject
Project("{9A19103F-16F7-4668-BE54-9A1E7A4F7556}") = "DS.TaxCalculator.Services.Tests", "DS.TaxCalculator.Services.Tests\DS.TaxCalculator.Services.Tests.csproj", "{FC12950D-DF02-4B19-98B4-962BF2C5A24D}"
EndProject
Project("{2150E333-8FDC-42A3-9474-1A3956D46DE8}") = "Solution Items", "Solution Items", "{07914C8C-FCCA-4641-84C1-17D6A698140A}"
	ProjectSection(SolutionItems) = preProject
		testEnvironments.json = testEnvironments.json
	EndProjectSection
EndProject
Global
	GlobalSection(SolutionConfigurationPlatforms) = preSolution
		Debug|Any CPU = Debug|Any CPU
		Release|Any CPU = Release|Any CPU
	EndGlobalSection
	GlobalSection(ProjectConfigurationPlatforms) = postSolution
		{6FCE04FA-60EE-4F2E-85AB-9783D989DC7A}.Debug|Any CPU.ActiveCfg = Debug|Any CPU
		{6FCE04FA-60EE-4F2E-85AB-9783D989DC7A}.Debug|Any CPU.Build.0 = Debug|Any CPU
		{6FCE04FA-60EE-4F2E-85AB-9783D989DC7A}.Release|Any CPU.ActiveCfg = Release|Any CPU
		{6FCE04FA-60EE-4F2E-85AB-9783D989DC7A}.Release|Any CPU.Build.0 = Release|Any CPU
		{B8C20177-8314-4FBE-8F21-A0EAD9F8BE60}.Debug|Any CPU.ActiveCfg = Debug|Any CPU
		{B8C20177-8314-4FBE-8F21-A0EAD9F8BE60}.Debug|Any CPU.Build.0 = Debug|Any CPU
		{B8C20177-8314-4FBE-8F21-A0EAD9F8BE60}.Release|Any CPU.ActiveCfg = Release|Any CPU
		{B8C20177-8314-4FBE-8F21-A0EAD9F8BE60}.Release|Any CPU.Build.0 = Release|Any CPU
		{FC12950D-DF02-4B19-98B4-962BF2C5A24D}.Debug|Any CPU.ActiveCfg = Debug|Any CPU
		{FC12950D-DF02-4B19-98B4-962BF2C5A24D}.Debug|Any CPU.Build.0 = Debug|Any CPU
		{FC12950D-DF02-4B19-98B4-962BF2C5A24D}.Release|Any CPU.ActiveCfg = Release|Any CPU
		{FC12950D-DF02-4B19-98B4-962BF2C5A24D}.Release|Any CPU.Build.0 = Release|Any CPU
	EndGlobalSection
	GlobalSection(SolutionProperties) = preSolution
		HideSolutionNode = FALSE
	EndGlobalSection
	GlobalSection(ExtensibilityGlobals) = postSolution
		SolutionGuid = {E238CE46-41C0-4E0E-85BA-CCA8792DEC13}
	EndGlobalSection
EndGlobal
